
Microsoft Visual Studio Solution File, Format Version 12.00
# Visual Studio 2017
Project("{FAE04EC0-301F-11D3-BF4B-00C04F79EFBC}") = "THE DARK LIGHT", "THE DARK LIGHT.csproj", "{A5E1768D-6FDA-F022-1CE7-5537F0C89A47}"
EndProject
Project("{FAE04EC0-301F-11D3-BF4B-00C04F79EFBC}") = "THE DARK LIGHT.Editor", "THE DARK LIGHT.Editor.csproj", "{DB56AE9B-C5EA-4164-D0FB-E1851A8D5109}"
EndProject
Global
	GlobalSection(SolutionConfigurationPlatforms) = preSolution
		Debug|Any CPU = Debug|Any CPU
		Release|Any CPU = Release|Any CPU
	EndGlobalSection
	GlobalSection(ProjectConfigurationPlatforms) = postSolution
		{A5E1768D-6FDA-F022-1CE7-5537F0C89A47}.Debug|Any CPU.ActiveCfg = Debug|Any CPU
		{A5E1768D-6FDA-F022-1CE7-5537F0C89A47}.Debug|Any CPU.Build.0 = Debug|Any CPU
		{A5E1768D-6FDA-F022-1CE7-5537F0C89A47}.Release|Any CPU.ActiveCfg = Release|Any CPU
		{A5E1768D-6FDA-F022-1CE7-5537F0C89A47}.Release|Any CPU.Build.0 = Release|Any CPU
		{DB56AE9B-C5EA-4164-D0FB-E1851A8D5109}.Debug|Any CPU.ActiveCfg = Debug|Any CPU
		{DB56AE9B-C5EA-4164-D0FB-E1851A8D5109}.Debug|Any CPU.Build.0 = Debug|Any CPU
		{DB56AE9B-C5EA-4164-D0FB-E1851A8D5109}.Release|Any CPU.ActiveCfg = Release|Any CPU
		{DB56AE9B-C5EA-4164-D0FB-E1851A8D5109}.Release|Any CPU.Build.0 = Release|Any CPU
	EndGlobalSection
	GlobalSection(SolutionProperties) = preSolution
		HideSolutionNode = FALSE
	EndGlobalSection
EndGlobal
